// !$*UTF8*$!
{
	archiveVersion = 1;
	classes = {
	};
	objectVersion = 46;
	objects = {

/* Begin PBXBuildFile section */
		1F07E51E1E7A7C6E0084A66A /* AppDelegate.swift in Sources */ = {isa = PBXBuildFile; fileRef = 1F07E51D1E7A7C6E0084A66A /* AppDelegate.swift */; };
		1F07E5201E7A7C6E0084A66A /* MasterViewController.swift in Sources */ = {isa = PBXBuildFile; fileRef = 1F07E51F1E7A7C6E0084A66A /* MasterViewController.swift */; };
		1F07E5221E7A7C6E0084A66A /* DetailViewController.swift in Sources */ = {isa = PBXBuildFile; fileRef = 1F07E5211E7A7C6E0084A66A /* DetailViewController.swift */; };
		1F07E5251E7A7C6E0084A66A /* Main.storyboard in Resources */ = {isa = PBXBuildFile; fileRef = 1F07E5231E7A7C6E0084A66A /* Main.storyboard */; };
		1F07E5271E7A7C6E0084A66A /* Assets.xcassets in Resources */ = {isa = PBXBuildFile; fileRef = 1F07E5261E7A7C6E0084A66A /* Assets.xcassets */; };
		1F07E52A1E7A7C6E0084A66A /* LaunchScreen.storyboard in Resources */ = {isa = PBXBuildFile; fileRef = 1F07E5281E7A7C6E0084A66A /* LaunchScreen.storyboard */; };
		1F07E5351E7A7C6F0084A66A /* ProofOfConcertTests.swift in Sources */ = {isa = PBXBuildFile; fileRef = 1F07E5341E7A7C6F0084A66A /* ProofOfConcertTests.swift */; };
		1F07E5411E7A7E0C0084A66A /* Model.swift in Sources */ = {isa = PBXBuildFile; fileRef = 1F07E5401E7A7E0C0084A66A /* Model.swift */; };
		1F07E5441E7A81F30084A66A /* DataService.swift in Sources */ = {isa = PBXBuildFile; fileRef = 1F07E5431E7A81F30084A66A /* DataService.swift */; };
		1F20FA8B1E8061F90063634E /* SQLiteService.swift in Sources */ = {isa = PBXBuildFile; fileRef = 1F20FA8A1E8061F90063634E /* SQLiteService.swift */; };
		1F20FA8F1E81EEB90063634E /* libsqlite3.tbd in Frameworks */ = {isa = PBXBuildFile; fileRef = 1F20FA8E1E81EEB90063634E /* libsqlite3.tbd */; };
		F0254C531E7F1553006CBD53 /* JSONParser.swift in Sources */ = {isa = PBXBuildFile; fileRef = F0254C521E7F1553006CBD53 /* JSONParser.swift */; };
		F0254C581E7F22E6006CBD53 /* ClientTableViewCell.swift in Sources */ = {isa = PBXBuildFile; fileRef = F0254C571E7F22E6006CBD53 /* ClientTableViewCell.swift */; };
/* End PBXBuildFile section */

/* Begin PBXContainerItemProxy section */
		1F07E5311E7A7C6F0084A66A /* PBXContainerItemProxy */ = {
			isa = PBXContainerItemProxy;
			containerPortal = 1F07E5121E7A7C6D0084A66A /* Project object */;
			proxyType = 1;
			remoteGlobalIDString = 1F07E5191E7A7C6E0084A66A;
			remoteInfo = ProofOfConcert;
		};
/* End PBXContainerItemProxy section */

/* Begin PBXFileReference section */
		1F07E51A1E7A7C6E0084A66A /* ProofOfConcept.app */ = {isa = PBXFileReference; explicitFileType = wrapper.application; includeInIndex = 0; path = ProofOfConcept.app; sourceTree = BUILT_PRODUCTS_DIR; };
		1F07E51D1E7A7C6E0084A66A /* AppDelegate.swift */ = {isa = PBXFileReference; lastKnownFileType = sourcecode.swift; path = AppDelegate.swift; sourceTree = "<group>"; };
		1F07E51F1E7A7C6E0084A66A /* MasterViewController.swift */ = {isa = PBXFileReference; lastKnownFileType = sourcecode.swift; path = MasterViewController.swift; sourceTree = "<group>"; };
		1F07E5211E7A7C6E0084A66A /* DetailViewController.swift */ = {isa = PBXFileReference; lastKnownFileType = sourcecode.swift; path = DetailViewController.swift; sourceTree = "<group>"; };
		1F07E5241E7A7C6E0084A66A /* Base */ = {isa = PBXFileReference; lastKnownFileType = file.storyboard; name = Base; path = Base.lproj/Main.storyboard; sourceTree = "<group>"; };
		1F07E5261E7A7C6E0084A66A /* Assets.xcassets */ = {isa = PBXFileReference; lastKnownFileType = folder.assetcatalog; path = Assets.xcassets; sourceTree = "<group>"; };
		1F07E5291E7A7C6E0084A66A /* Base */ = {isa = PBXFileReference; lastKnownFileType = file.storyboard; name = Base; path = Base.lproj/LaunchScreen.storyboard; sourceTree = "<group>"; };
		1F07E52B1E7A7C6E0084A66A /* Info.plist */ = {isa = PBXFileReference; lastKnownFileType = text.plist.xml; path = Info.plist; sourceTree = "<group>"; };
		1F07E5301E7A7C6F0084A66A /* ProofOfConceptTests.xctest */ = {isa = PBXFileReference; explicitFileType = wrapper.cfbundle; includeInIndex = 0; path = ProofOfConceptTests.xctest; sourceTree = BUILT_PRODUCTS_DIR; };
		1F07E5341E7A7C6F0084A66A /* ProofOfConcertTests.swift */ = {isa = PBXFileReference; lastKnownFileType = sourcecode.swift; path = ProofOfConcertTests.swift; sourceTree = "<group>"; };
		1F07E5361E7A7C6F0084A66A /* Info.plist */ = {isa = PBXFileReference; lastKnownFileType = text.plist.xml; path = Info.plist; sourceTree = "<group>"; };
		1F07E5401E7A7E0C0084A66A /* Model.swift */ = {isa = PBXFileReference; fileEncoding = 4; lastKnownFileType = sourcecode.swift; path = Model.swift; sourceTree = "<group>"; };
		1F07E5431E7A81F30084A66A /* DataService.swift */ = {isa = PBXFileReference; fileEncoding = 4; lastKnownFileType = sourcecode.swift; path = DataService.swift; sourceTree = "<group>"; };
		1F20FA8A1E8061F90063634E /* SQLiteService.swift */ = {isa = PBXFileReference; fileEncoding = 4; lastKnownFileType = sourcecode.swift; path = SQLiteService.swift; sourceTree = "<group>"; };
		1F20FA8C1E81ED8B0063634E /* ProofOfConcept-Bridging-Header.h */ = {isa = PBXFileReference; lastKnownFileType = sourcecode.c.h; path = "ProofOfConcept-Bridging-Header.h"; sourceTree = "<group>"; };
		1F20FA8E1E81EEB90063634E /* libsqlite3.tbd */ = {isa = PBXFileReference; lastKnownFileType = "sourcecode.text-based-dylib-definition"; name = libsqlite3.tbd; path = usr/lib/libsqlite3.tbd; sourceTree = SDKROOT; };
		F0254C521E7F1553006CBD53 /* JSONParser.swift */ = {isa = PBXFileReference; fileEncoding = 4; lastKnownFileType = sourcecode.swift; path = JSONParser.swift; sourceTree = "<group>"; };
		F0254C571E7F22E6006CBD53 /* ClientTableViewCell.swift */ = {isa = PBXFileReference; fileEncoding = 4; lastKnownFileType = sourcecode.swift; path = ClientTableViewCell.swift; sourceTree = "<group>"; };
/* End PBXFileReference section */

/* Begin PBXFrameworksBuildPhase section */
		1F07E5171E7A7C6E0084A66A /* Frameworks */ = {
			isa = PBXFrameworksBuildPhase;
			buildActionMask = 2147483647;
			files = (
				1F20FA8F1E81EEB90063634E /* libsqlite3.tbd in Frameworks */,
			);
			runOnlyForDeploymentPostprocessing = 0;
		};
		1F07E52D1E7A7C6F0084A66A /* Frameworks */ = {
			isa = PBXFrameworksBuildPhase;
			buildActionMask = 2147483647;
			files = (
			);
			runOnlyForDeploymentPostprocessing = 0;
		};
/* End PBXFrameworksBuildPhase section */

/* Begin PBXGroup section */
		1F07E5111E7A7C6D0084A66A = {
			isa = PBXGroup;
			children = (
				1F20FA8C1E81ED8B0063634E /* ProofOfConcept-Bridging-Header.h */,
				1F07E51C1E7A7C6E0084A66A /* ProofOfConcept */,
				1F07E5331E7A7C6F0084A66A /* ProofOfConceptTests */,
				1F07E51B1E7A7C6E0084A66A /* Products */,
				1F20FA8D1E81EEB80063634E /* Frameworks */,
			);
			sourceTree = "<group>";
		};
		1F07E51B1E7A7C6E0084A66A /* Products */ = {
			isa = PBXGroup;
			children = (
				1F07E51A1E7A7C6E0084A66A /* ProofOfConcept.app */,
				1F07E5301E7A7C6F0084A66A /* ProofOfConceptTests.xctest */,
			);
			name = Products;
			sourceTree = "<group>";
		};
		1F07E51C1E7A7C6E0084A66A /* ProofOfConcept */ = {
			isa = PBXGroup;
			children = (
				F0254C541E7F21AB006CBD53 /* Custom Cells */,
				1F07E5421E7A81DB0084A66A /* Services */,
				1F07E53F1E7A7D710084A66A /* Model */,
				1F07E51D1E7A7C6E0084A66A /* AppDelegate.swift */,
				1F07E51F1E7A7C6E0084A66A /* MasterViewController.swift */,
				1F07E5211E7A7C6E0084A66A /* DetailViewController.swift */,
				1F07E5231E7A7C6E0084A66A /* Main.storyboard */,
				1F07E5261E7A7C6E0084A66A /* Assets.xcassets */,
				1F07E5281E7A7C6E0084A66A /* LaunchScreen.storyboard */,
				1F07E52B1E7A7C6E0084A66A /* Info.plist */,
			);
			name = ProofOfConcept;
			path = ProofOfConcert;
			sourceTree = "<group>";
		};
		1F07E5331E7A7C6F0084A66A /* ProofOfConceptTests */ = {
			isa = PBXGroup;
			children = (
				1F07E5341E7A7C6F0084A66A /* ProofOfConcertTests.swift */,
				1F07E5361E7A7C6F0084A66A /* Info.plist */,
			);
			name = ProofOfConceptTests;
			path = ProofOfConcertTests;
			sourceTree = "<group>";
		};
		1F07E53F1E7A7D710084A66A /* Model */ = {
			isa = PBXGroup;
			children = (
				1F07E5401E7A7E0C0084A66A /* Model.swift */,
			);
			name = Model;
			sourceTree = "<group>";
		};
		1F07E5421E7A81DB0084A66A /* Services */ = {
			isa = PBXGroup;
			children = (
				1F07E5431E7A81F30084A66A /* DataService.swift */,
				F0254C521E7F1553006CBD53 /* JSONParser.swift */,
				1F20FA8A1E8061F90063634E /* SQLiteService.swift */,
			);
			name = Services;
			sourceTree = "<group>";
		};
		1F20FA8D1E81EEB80063634E /* Frameworks */ = {
			isa = PBXGroup;
			children = (
				1F20FA8E1E81EEB90063634E /* libsqlite3.tbd */,
			);
			name = Frameworks;
			sourceTree = "<group>";
		};
		F0254C541E7F21AB006CBD53 /* Custom Cells */ = {
			isa = PBXGroup;
			children = (
				F0254C571E7F22E6006CBD53 /* ClientTableViewCell.swift */,
			);
			name = "Custom Cells";
			sourceTree = "<group>";
		};
/* End PBXGroup section */

/* Begin PBXNativeTarget section */
		1F07E5191E7A7C6E0084A66A /* ProofOfConcept */ = {
			isa = PBXNativeTarget;
			buildConfigurationList = 1F07E5391E7A7C6F0084A66A /* Build configuration list for PBXNativeTarget "ProofOfConcept" */;
			buildPhases = (
				1F07E5161E7A7C6E0084A66A /* Sources */,
				1F07E5171E7A7C6E0084A66A /* Frameworks */,
				1F07E5181E7A7C6E0084A66A /* Resources */,
			);
			buildRules = (
			);
			dependencies = (
			);
			name = ProofOfConcept;
			productName = ProofOfConcert;
			productReference = 1F07E51A1E7A7C6E0084A66A /* ProofOfConcept.app */;
			productType = "com.apple.product-type.application";
		};
		1F07E52F1E7A7C6F0084A66A /* ProofOfConceptTests */ = {
			isa = PBXNativeTarget;
			buildConfigurationList = 1F07E53C1E7A7C6F0084A66A /* Build configuration list for PBXNativeTarget "ProofOfConceptTests" */;
			buildPhases = (
				1F07E52C1E7A7C6F0084A66A /* Sources */,
				1F07E52D1E7A7C6F0084A66A /* Frameworks */,
				1F07E52E1E7A7C6F0084A66A /* Resources */,
			);
			buildRules = (
			);
			dependencies = (
				1F07E5321E7A7C6F0084A66A /* PBXTargetDependency */,
			);
			name = ProofOfConceptTests;
			productName = ProofOfConcertTests;
			productReference = 1F07E5301E7A7C6F0084A66A /* ProofOfConceptTests.xctest */;
			productType = "com.apple.product-type.bundle.unit-test";
		};
/* End PBXNativeTarget section */

/* Begin PBXProject section */
		1F07E5121E7A7C6D0084A66A /* Project object */ = {
			isa = PBXProject;
			attributes = {
				LastSwiftUpdateCheck = 0820;
				LastUpgradeCheck = 0820;
				ORGANIZATIONNAME = "Ironworks Media Ltd";
				TargetAttributes = {
					1F07E5191E7A7C6E0084A66A = {
						CreatedOnToolsVersion = 8.2;
						DevelopmentTeam = X7ERH955JW;
						ProvisioningStyle = Automatic;
					};
					1F07E52F1E7A7C6F0084A66A = {
						CreatedOnToolsVersion = 8.2;
						DevelopmentTeam = X7ERH955JW;
						ProvisioningStyle = Automatic;
						TestTargetID = 1F07E5191E7A7C6E0084A66A;
					};
				};
			};
			buildConfigurationList = 1F07E5151E7A7C6D0084A66A /* Build configuration list for PBXProject "ProofOfConcept" */;
			compatibilityVersion = "Xcode 3.2";
			developmentRegion = English;
			hasScannedForEncodings = 0;
			knownRegions = (
				en,
				Base,
			);
			mainGroup = 1F07E5111E7A7C6D0084A66A;
			productRefGroup = 1F07E51B1E7A7C6E0084A66A /* Products */;
			projectDirPath = "";
			projectRoot = "";
			targets = (
				1F07E5191E7A7C6E0084A66A /* ProofOfConcept */,
				1F07E52F1E7A7C6F0084A66A /* ProofOfConceptTests */,
			);
		};
/* End PBXProject section */

/* Begin PBXResourcesBuildPhase section */
		1F07E5181E7A7C6E0084A66A /* Resources */ = {
			isa = PBXResourcesBuildPhase;
			buildActionMask = 2147483647;
			files = (
				1F07E52A1E7A7C6E0084A66A /* LaunchScreen.storyboard in Resources */,
				1F07E5271E7A7C6E0084A66A /* Assets.xcassets in Resources */,
				1F07E5251E7A7C6E0084A66A /* Main.storyboard in Resources */,
			);
			runOnlyForDeploymentPostprocessing = 0;
		};
		1F07E52E1E7A7C6F0084A66A /* Resources */ = {
			isa = PBXResourcesBuildPhase;
			buildActionMask = 2147483647;
			files = (
			);
			runOnlyForDeploymentPostprocessing = 0;
		};
/* End PBXResourcesBuildPhase section */

/* Begin PBXSourcesBuildPhase section */
		1F07E5161E7A7C6E0084A66A /* Sources */ = {
			isa = PBXSourcesBuildPhase;
			buildActionMask = 2147483647;
			files = (
				1F07E5221E7A7C6E0084A66A /* DetailViewController.swift in Sources */,
				1F20FA8B1E8061F90063634E /* SQLiteService.swift in Sources */,
				1F07E5201E7A7C6E0084A66A /* MasterViewController.swift in Sources */,
				F0254C531E7F1553006CBD53 /* JSONParser.swift in Sources */,
				F0254C581E7F22E6006CBD53 /* ClientTableViewCell.swift in Sources */,
				1F07E51E1E7A7C6E0084A66A /* AppDelegate.swift in Sources */,
				1F07E5411E7A7E0C0084A66A /* Model.swift in Sources */,
				1F07E5441E7A81F30084A66A /* DataService.swift in Sources */,
			);
			runOnlyForDeploymentPostprocessing = 0;
		};
		1F07E52C1E7A7C6F0084A66A /* Sources */ = {
			isa = PBXSourcesBuildPhase;
			buildActionMask = 2147483647;
			files = (
				1F07E5351E7A7C6F0084A66A /* ProofOfConcertTests.swift in Sources */,
			);
			runOnlyForDeploymentPostprocessing = 0;
		};
/* End PBXSourcesBuildPhase section */

/* Begin PBXTargetDependency section */
		1F07E5321E7A7C6F0084A66A /* PBXTargetDependency */ = {
			isa = PBXTargetDependency;
			target = 1F07E5191E7A7C6E0084A66A /* ProofOfConcept */;
			targetProxy = 1F07E5311E7A7C6F0084A66A /* PBXContainerItemProxy */;
		};
/* End PBXTargetDependency section */

/* Begin PBXVariantGroup section */
		1F07E5231E7A7C6E0084A66A /* Main.storyboard */ = {
			isa = PBXVariantGroup;
			children = (
				1F07E5241E7A7C6E0084A66A /* Base */,
			);
			name = Main.storyboard;
			sourceTree = "<group>";
		};
		1F07E5281E7A7C6E0084A66A /* LaunchScreen.storyboard */ = {
			isa = PBXVariantGroup;
			children = (
				1F07E5291E7A7C6E0084A66A /* Base */,
			);
			name = LaunchScreen.storyboard;
			sourceTree = "<group>";
		};
/* End PBXVariantGroup section */

/* Begin XCBuildConfiguration section */
		1F07E5371E7A7C6F0084A66A /* Debug */ = {
			isa = XCBuildConfiguration;
			buildSettings = {
				ALWAYS_SEARCH_USER_PATHS = NO;
				CLANG_ANALYZER_NONNULL = YES;
				CLANG_CXX_LANGUAGE_STANDARD = "gnu++0x";
				CLANG_CXX_LIBRARY = "libc++";
				CLANG_ENABLE_MODULES = YES;
				CLANG_ENABLE_OBJC_ARC = YES;
				CLANG_WARN_BOOL_CONVERSION = YES;
				CLANG_WARN_CONSTANT_CONVERSION = YES;
				CLANG_WARN_DIRECT_OBJC_ISA_USAGE = YES_ERROR;
				CLANG_WARN_DOCUMENTATION_COMMENTS = YES;
				CLANG_WARN_EMPTY_BODY = YES;
				CLANG_WARN_ENUM_CONVERSION = YES;
				CLANG_WARN_INFINITE_RECURSION = YES;
				CLANG_WARN_INT_CONVERSION = YES;
				CLANG_WARN_OBJC_ROOT_CLASS = YES_ERROR;
				CLANG_WARN_SUSPICIOUS_MOVE = YES;
				CLANG_WARN_UNREACHABLE_CODE = YES;
				CLANG_WARN__DUPLICATE_METHOD_MATCH = YES;
				"CODE_SIGN_IDENTITY[sdk=iphoneos*]" = "iPhone Developer";
				COPY_PHASE_STRIP = NO;
				DEBUG_INFORMATION_FORMAT = dwarf;
				ENABLE_STRICT_OBJC_MSGSEND = YES;
				ENABLE_TESTABILITY = YES;
				GCC_C_LANGUAGE_STANDARD = gnu99;
				GCC_DYNAMIC_NO_PIC = NO;
				GCC_NO_COMMON_BLOCKS = YES;
				GCC_OPTIMIZATION_LEVEL = 0;
				GCC_PREPROCESSOR_DEFINITIONS = (
					"DEBUG=1",
					"$(inherited)",
				);
				GCC_WARN_64_TO_32_BIT_CONVERSION = YES;
				GCC_WARN_ABOUT_RETURN_TYPE = YES_ERROR;
				GCC_WARN_UNDECLARED_SELECTOR = YES;
				GCC_WARN_UNINITIALIZED_AUTOS = YES_AGGRESSIVE;
				GCC_WARN_UNUSED_FUNCTION = YES;
				GCC_WARN_UNUSED_VARIABLE = YES;
				IPHONEOS_DEPLOYMENT_TARGET = 10.2;
				MTL_ENABLE_DEBUG_INFO = YES;
				ONLY_ACTIVE_ARCH = YES;
				SDKROOT = iphoneos;
				SWIFT_ACTIVE_COMPILATION_CONDITIONS = DEBUG;
				SWIFT_OPTIMIZATION_LEVEL = "-Onone";
				TARGETED_DEVICE_FAMILY = "1,2";
			};
			name = Debug;
		};
		1F07E5381E7A7C6F0084A66A /* Release */ = {
			isa = XCBuildConfiguration;
			buildSettings = {
				ALWAYS_SEARCH_USER_PATHS = NO;
				CLANG_ANALYZER_NONNULL = YES;
				CLANG_CXX_LANGUAGE_STANDARD = "gnu++0x";
				CLANG_CXX_LIBRARY = "libc++";
				CLANG_ENABLE_MODULES = YES;
				CLANG_ENABLE_OBJC_ARC = YES;
				CLANG_WARN_BOOL_CONVERSION = YES;
				CLANG_WARN_CONSTANT_CONVERSION = YES;
				CLANG_WARN_DIRECT_OBJC_ISA_USAGE = YES_ERROR;
				CLANG_WARN_DOCUMENTATION_COMMENTS = YES;
				CLANG_WARN_EMPTY_BODY = YES;
				CLANG_WARN_ENUM_CONVERSION = YES;
				CLANG_WARN_INFINITE_RECURSION = YES;
				CLANG_WARN_INT_CONVERSION = YES;
				CLANG_WARN_OBJC_ROOT_CLASS = YES_ERROR;
				CLANG_WARN_SUSPICIOUS_MOVE = YES;
				CLANG_WARN_UNREACHABLE_CODE = YES;
				CLANG_WARN__DUPLICATE_METHOD_MATCH = YES;
				"CODE_SIGN_IDENTITY[sdk=iphoneos*]" = "iPhone Developer";
				COPY_PHASE_STRIP = NO;
				DEBUG_INFORMATION_FORMAT = "dwarf-with-dsym";
				ENABLE_NS_ASSERTIONS = NO;
				ENABLE_STRICT_OBJC_MSGSEND = YES;
				GCC_C_LANGUAGE_STANDARD = gnu99;
				GCC_NO_COMMON_BLOCKS = YES;
				GCC_WARN_64_TO_32_BIT_CONVERSION = YES;
				GCC_WARN_ABOUT_RETURN_TYPE = YES_ERROR;
				GCC_WARN_UNDECLARED_SELECTOR = YES;
				GCC_WARN_UNINITIALIZED_AUTOS = YES_AGGRESSIVE;
				GCC_WARN_UNUSED_FUNCTION = YES;
				GCC_WARN_UNUSED_VARIABLE = YES;
				IPHONEOS_DEPLOYMENT_TARGET = 10.2;
				MTL_ENABLE_DEBUG_INFO = NO;
				SDKROOT = iphoneos;
				SWIFT_OPTIMIZATION_LEVEL = "-Owholemodule";
				TARGETED_DEVICE_FAMILY = "1,2";
				VALIDATE_PRODUCT = YES;
			};
			name = Release;
		};
		1F07E53A1E7A7C6F0084A66A /* Debug */ = {
			isa = XCBuildConfiguration;
			buildSettings = {
				ASSETCATALOG_COMPILER_APPICON_NAME = AppIcon;
				DEVELOPMENT_TEAM = X7ERH955JW;
				INFOPLIST_FILE = ProofOfConcert/Info.plist;
				LD_RUNPATH_SEARCH_PATHS = "$(inherited) @executable_path/Frameworks";
				PRODUCT_BUNDLE_IDENTIFIER = uk.co.ironworksmedialimited.ProofOfConcert;
				PRODUCT_NAME = "$(TARGET_NAME)";
				SWIFT_OBJC_BRIDGING_HEADER = "${PROJECT}-Bridging-Header.h";
				SWIFT_VERSION = 3.0;
			};
			name = Debug;
		};
		1F07E53B1E7A7C6F0084A66A /* Release */ = {
			isa = XCBuildConfiguration;
			buildSettings = {
				ASSETCATALOG_COMPILER_APPICON_NAME = AppIcon;
				DEVELOPMENT_TEAM = X7ERH955JW;
				INFOPLIST_FILE = ProofOfConcert/Info.plist;
				LD_RUNPATH_SEARCH_PATHS = "$(inherited) @executable_path/Frameworks";
				PRODUCT_BUNDLE_IDENTIFIER = uk.co.ironworksmedialimited.ProofOfConcert;
				PRODUCT_NAME = "$(TARGET_NAME)";
				SWIFT_OBJC_BRIDGING_HEADER = "${PROJECT}-Bridging-Header.h";
				SWIFT_VERSION = 3.0;
			};
			name = Release;
		};
		1F07E53D1E7A7C6F0084A66A /* Debug */ = {
			isa = XCBuildConfiguration;
			buildSettings = {
				ALWAYS_EMBED_SWIFT_STANDARD_LIBRARIES = YES;
				BUNDLE_LOADER = "$(TEST_HOST)";
				DEVELOPMENT_TEAM = X7ERH955JW;
				INFOPLIST_FILE = ProofOfConcertTests/Info.plist;
				LD_RUNPATH_SEARCH_PATHS = "$(inherited) @executable_path/Frameworks @loader_path/Frameworks";
				PRODUCT_BUNDLE_IDENTIFIER = uk.co.ironworksmedialimited.ProofOfConcertTests;
				PRODUCT_NAME = "$(TARGET_NAME)";
				SWIFT_VERSION = 3.0;
				TEST_HOST = "$(BUILT_PRODUCTS_DIR)/ProofOfConcept.app/ProofOfConcept";
			};
			name = Debug;
		};
		1F07E53E1E7A7C6F0084A66A /* Release */ = {
			isa = XCBuildConfiguration;
			buildSettings = {
				ALWAYS_EMBED_SWIFT_STANDARD_LIBRARIES = YES;
				BUNDLE_LOADER = "$(TEST_HOST)";
				DEVELOPMENT_TEAM = X7ERH955JW;
				INFOPLIST_FILE = ProofOfConcertTests/Info.plist;
				LD_RUNPATH_SEARCH_PATHS = "$(inherited) @executable_path/Frameworks @loader_path/Frameworks";
				PRODUCT_BUNDLE_IDENTIFIER = uk.co.ironworksmedialimited.ProofOfConcertTests;
				PRODUCT_NAME = "$(TARGET_NAME)";
				SWIFT_VERSION = 3.0;
				TEST_HOST = "$(BUILT_PRODUCTS_DIR)/ProofOfConcept.app/ProofOfConcept";
			};
			name = Release;
		};
/* End XCBuildConfiguration section */

/* Begin XCConfigurationList section */
		1F07E5151E7A7C6D0084A66A /* Build configuration list for PBXProject "ProofOfConcept" */ = {
			isa = XCConfigurationList;
			buildConfigurations = (
				1F07E5371E7A7C6F0084A66A /* Debug */,
				1F07E5381E7A7C6F0084A66A /* Release */,
			);
			defaultConfigurationIsVisible = 0;
			defaultConfigurationName = Release;
		};
		1F07E5391E7A7C6F0084A66A /* Build configuration list for PBXNativeTarget "ProofOfConcept" */ = {
			isa = XCConfigurationList;
			buildConfigurations = (
				1F07E53A1E7A7C6F0084A66A /* Debug */,
				1F07E53B1E7A7C6F0084A66A /* Release */,
			);
			defaultConfigurationIsVisible = 0;
			defaultConfigurationName = Release;
		};
		1F07E53C1E7A7C6F0084A66A /* Build configuration list for PBXNativeTarget "ProofOfConceptTests" */ = {
			isa = XCConfigurationList;
			buildConfigurations = (
				1F07E53D1E7A7C6F0084A66A /* Debug */,
				1F07E53E1E7A7C6F0084A66A /* Release */,
			);
			defaultConfigurationIsVisible = 0;
			defaultConfigurationName = Release;
		};
/* End XCConfigurationList section */
	};
	rootObject = 1F07E5121E7A7C6D0084A66A /* Project object */;
}
